# This file is automatically @generated by Cargo.
# It is not intended for manual editing.
version = 4

[[package]]
name = "taurine"
version = "0.1.0"
dependencies = [
 "taurine_core",
 "taurine_daemon",
 "taurine_tui",
]

[[package]]
name = "taurine_core"
version = "0.1.0"

[[package]]
name = "taurine_daemon"
version = "0.1.0"
dependencies = [
 "taurine_core",
]

[[package]]
name = "taurine_tui"
version = "0.1.0"
dependencies = [
 "taurine_core",
]
